# This file is automatically @generated by Cargo.
# It is not intended for manual editing.
version = 3

[[package]]
name = "autocfg"
version = "1.1.0"
source = "registry+https://github.com/rust-lang/crates.io-index"
checksum = "d468802bab17cbc0cc575e9b053f41e72aa36bfa6b7f55e3529ffa43161b97fa"

[[package]]
name = "enum-map"
version = "2.4.1"
source = "registry+https://github.com/rust-lang/crates.io-index"
checksum = "f5a56d54c8dd9b3ad34752ed197a4eb2a6601bc010808eb097a04a58ae4c43e1"
dependencies = [
 "enum-map-derive",
]

[[package]]
name = "enum-map-derive"
version = "0.10.0"
source = "registry+https://github.com/rust-lang/crates.io-index"
checksum = "a9045e2676cd5af83c3b167d917b0a5c90a4d8e266e2683d6631b235c457fc27"
dependencies = [
 "proc-macro2",
 "quote",
 "syn",
]

[[package]]
name = "gbc_emulator"
version = "0.1.0"
dependencies = [
 "enum-map",
 "int-enum",
 "num-traits",
]

[[package]]
name = "int-enum"
version = "0.5.0"
source = "registry+https://github.com/rust-lang/crates.io-index"
checksum = "cff87d3cc4b79b4559e3c75068d64247284aceb6a038bd4bb38387f3f164476d"
dependencies = [
 "int-enum-impl",
]

[[package]]
name = "int-enum-impl"
version = "0.5.0"
source = "registry+https://github.com/rust-lang/crates.io-index"
checksum = "df1f2f068675add1a3fc77f5f5ab2e29290c841ee34d151abc007bce902e5d34"
dependencies = [
 "proc-macro-crate",
 "proc-macro2",
 "quote",
 "syn",
]

[[package]]
name = "num-traits"
version = "0.2.15"
source = "registry+https://github.com/rust-lang/crates.io-index"
checksum = "578ede34cf02f8924ab9447f50c28075b4d3e5b269972345e7e0372b38c6cdcd"
dependencies = [
 "autocfg",
]

[[package]]
name = "once_cell"
version = "1.17.0"
source = "registry+https://github.com/rust-lang/crates.io-index"
checksum = "6f61fba1741ea2b3d6a1e3178721804bb716a68a6aeba1149b5d52e3d464ea66"

[[package]]
name = "proc-macro-crate"
version = "1.2.1"
source = "registry+https://github.com/rust-lang/crates.io-index"
checksum = "eda0fc3b0fb7c975631757e14d9049da17374063edb6ebbcbc54d880d4fe94e9"
dependencies = [
 "once_cell",
 "thiserror",
 "toml",
]

[[package]]
name = "proc-macro2"
version = "1.0.47"
source = "registry+https://github.com/rust-lang/crates.io-index"
checksum = "5ea3d908b0e36316caf9e9e2c4625cdde190a7e6f440d794667ed17a1855e725"
dependencies = [
 "unicode-ident",
]

[[package]]
name = "quote"
version = "1.0.21"
source = "registry+https://github.com/rust-lang/crates.io-index"
checksum = "bbe448f377a7d6961e30f5955f9b8d106c3f5e449d493ee1b125c1d43c2b5179"
dependencies = [
 "proc-macro2",
]

[[package]]
name = "serde"
version = "1.0.152"
source = "registry+https://github.com/rust-lang/crates.io-index"
checksum = "bb7d1f0d3021d347a83e556fc4683dea2ea09d87bccdf88ff5c12545d89d5efb"

[[package]]
name = "syn"
version = "1.0.105"
source = "registry+https://github.com/rust-lang/crates.io-index"
checksum = "60b9b43d45702de4c839cb9b51d9f529c5dd26a4aff255b42b1ebc03e88ee908"
dependencies = [
 "proc-macro2",
 "quote",
 "unicode-ident",
]

[[package]]
name = "thiserror"
version = "1.0.38"
source = "registry+https://github.com/rust-lang/crates.io-index"
checksum = "6a9cd18aa97d5c45c6603caea1da6628790b37f7a34b6ca89522331c5180fed0"
dependencies = [
 "thiserror-impl",
]

[[package]]
name = "thiserror-impl"
version = "1.0.38"
source = "registry+https://github.com/rust-lang/crates.io-index"
checksum = "1fb327af4685e4d03fa8cbcf1716380da910eeb2bb8be417e7f9fd3fb164f36f"
dependencies = [
 "proc-macro2",
 "quote",
 "syn",
]

[[package]]
name = "toml"
version = "0.5.10"
source = "registry+https://github.com/rust-lang/crates.io-index"
checksum = "1333c76748e868a4d9d1017b5ab53171dfd095f70c712fdb4653a406547f598f"
dependencies = [
 "serde",
]

[[package]]
name = "unicode-ident"
version = "1.0.5"
source = "registry+https://github.com/rust-lang/crates.io-index"
checksum = "6ceab39d59e4c9499d4e5a8ee0e2735b891bb7308ac83dfb4e80cad195c9f6f3"
